
Microsoft Visual Studio Solution File, Format Version 12.00
# Visual Studio Version 17
VisualStudioVersion = 17.14.36310.24 d17.14
MinimumVisualStudioVersion = 10.0.40219.1
Project("{FAE04EC0-301F-11D3-BF4B-00C04F79EFBC}") = "Projeto_MVC", "Projeto_MVC\Projeto_MVC.csproj", "{5AC4F75C-0AEA-406A-B6B8-CF89DA4B9291}"
EndProject
Global
	GlobalSection(SolutionConfigurationPlatforms) = preSolution
		Debug|Any CPU = Debug|Any CPU
		Release|Any CPU = Release|Any CPU
	EndGlobalSection
	GlobalSection(ProjectConfigurationPlatforms) = postSolution
		{5AC4F75C-0AEA-406A-B6B8-CF89DA4B9291}.Debug|Any CPU.ActiveCfg = Debug|Any CPU
		{5AC4F75C-0AEA-406A-B6B8-CF89DA4B9291}.Debug|Any CPU.Build.0 = Debug|Any CPU
		{5AC4F75C-0AEA-406A-B6B8-CF89DA4B9291}.Release|Any CPU.ActiveCfg = Release|Any CPU
		{5AC4F75C-0AEA-406A-B6B8-CF89DA4B9291}.Release|Any CPU.Build.0 = Release|Any CPU
	EndGlobalSection
	GlobalSection(SolutionProperties) = preSolution
		HideSolutionNode = FALSE
	EndGlobalSection
	GlobalSection(ExtensibilityGlobals) = postSolution
		SolutionGuid = {60C079C5-E340-4A3D-8735-4855FA176DBC}
	EndGlobalSection
EndGlobal
